
Microsoft Visual Studio Solution File, Format Version 12.00
# Visual Studio 15
VisualStudioVersion = 15.0.28307.1321
MinimumVisualStudioVersion = 10.0.40219.1
Project("{FAE04EC0-301F-11D3-BF4B-00C04F79EFBC}") = "weba_c1", "weba_c1\weba_c1.csproj", "{18156541-EC8C-4C4C-97E7-0E1B1291D5A6}"
EndProject
Global
	GlobalSection(SolutionConfigurationPlatforms) = preSolution
		Debug|Any CPU = Debug|Any CPU
		Release|Any CPU = Release|Any CPU
	EndGlobalSection
	GlobalSection(ProjectConfigurationPlatforms) = postSolution
		{18156541-EC8C-4C4C-97E7-0E1B1291D5A6}.Debug|Any CPU.ActiveCfg = Debug|Any CPU
		{18156541-EC8C-4C4C-97E7-0E1B1291D5A6}.Debug|Any CPU.Build.0 = Debug|Any CPU
		{18156541-EC8C-4C4C-97E7-0E1B1291D5A6}.Release|Any CPU.ActiveCfg = Release|Any CPU
		{18156541-EC8C-4C4C-97E7-0E1B1291D5A6}.Release|Any CPU.Build.0 = Release|Any CPU
	EndGlobalSection
	GlobalSection(SolutionProperties) = preSolution
		HideSolutionNode = FALSE
	EndGlobalSection
	GlobalSection(ExtensibilityGlobals) = postSolution
		SolutionGuid = {D2776BE4-1AC6-436B-9421-ADAC97F17EFE}
	EndGlobalSection
EndGlobal
